
Microsoft Visual Studio Solution File, Format Version 12.00
# Visual Studio 2012
Project("{FAE04EC0-301F-11D3-BF4B-00C04F79EFBC}") = "OAuth2.Demos.AuthzCodeGrant", "OAuth2.Demos.AuthzCodeGrant\OAuth2.Demos.AuthzCodeGrant.csproj", "{BEDB78A1-FB64-441E-BB03-FD9B128C753B}"
EndProject
Project("{2150E333-8FDC-42A3-9474-1A3956D46DE8}") = ".nuget", ".nuget", "{E683E4ED-F070-44C4-9F21-184A0429C8B2}"
	ProjectSection(SolutionItems) = preProject
		.nuget\NuGet.Config = .nuget\NuGet.Config
		.nuget\NuGet.exe = .nuget\NuGet.exe
		.nuget\NuGet.targets = .nuget\NuGet.targets
	EndProjectSection
EndProject
Global
	GlobalSection(SolutionConfigurationPlatforms) = preSolution
		Debug|Any CPU = Debug|Any CPU
		Release|Any CPU = Release|Any CPU
	EndGlobalSection
	GlobalSection(ProjectConfigurationPlatforms) = postSolution
		{BEDB78A1-FB64-441E-BB03-FD9B128C753B}.Debug|Any CPU.ActiveCfg = Debug|Any CPU
		{BEDB78A1-FB64-441E-BB03-FD9B128C753B}.Debug|Any CPU.Build.0 = Debug|Any CPU
		{BEDB78A1-FB64-441E-BB03-FD9B128C753B}.Release|Any CPU.ActiveCfg = Release|Any CPU
		{BEDB78A1-FB64-441E-BB03-FD9B128C753B}.Release|Any CPU.Build.0 = Release|Any CPU
	EndGlobalSection
	GlobalSection(SolutionProperties) = preSolution
		HideSolutionNode = FALSE
	EndGlobalSection
EndGlobal
